// !$*UTF8*$!
{
	archiveVersion = 1;
	classes = {
	};
	objectVersion = 56;
	objects = {

/* Begin PBXBuildFile section */
		6A1001F22B9CCE9900057C36 /* AIToolsApp.swift in Sources */ = {isa = PBXBuildFile; fileRef = 6A1001F12B9CCE9900057C36 /* AIToolsApp.swift */; };
		6A1001F92B9CCE9A00057C36 /* Preview Assets.xcassets in Resources */ = {isa = PBXBuildFile; fileRef = 6A1001F82B9CCE9A00057C36 /* Preview Assets.xcassets */; };
		6A10020A2B9CD2DE00057C36 /* AIService.swift in Sources */ = {isa = PBXBuildFile; fileRef = 6A1002092B9CD2DE00057C36 /* AIService.swift */; };
		6A10020C2B9CD3B800057C36 /* AIWebView.swift in Sources */ = {isa = PBXBuildFile; fileRef = 6A10020B2B9CD3B800057C36 /* AIWebView.swift */; };
		6A10020E2B9CD3EF00057C36 /* MainChatView.swift in Sources */ = {isa = PBXBuildFile; fileRef = 6A10020D2B9CD3EF00057C36 /* MainChatView.swift */; };
		6A1002102B9CD41E00057C36 /* MenuBarManager.swift in Sources */ = {isa = PBXBuildFile; fileRef = 6A10020F2B9CD41E00057C36 /* MenuBarManager.swift */; };
		6A1002122B9CD44200057C36 /* KeyboardShortcutManager.swift in Sources */ = {isa = PBXBuildFile; fileRef = 6A1002112B9CD44200057C36 /* KeyboardShortcutManager.swift */; };
		6A1002142B9CD46300057C36 /* CompactChatView.swift in Sources */ = {isa = PBXBuildFile; fileRef = 6A1002132B9CD46300057C36 /* CompactChatView.swift */; };
		6A1002162B9CD48300057C36 /* MultiTabView.swift in Sources */ = {isa = PBXBuildFile; fileRef = 6A1002152B9CD48300057C36 /* MultiTabView.swift */; };
		6A1002182B9CD4A000057C36 /* PreferencesView.swift in Sources */ = {isa = PBXBuildFile; fileRef = 6A1002172B9CD4A000057C36 /* PreferencesView.swift */; };
		6A10021A2B9CD4BE00057C36 /* ShortcutRecorder.swift in Sources */ = {isa = PBXBuildFile; fileRef = 6A1002192B9CD4BE00057C36 /* ShortcutRecorder.swift */; };
		6A10021C2B9CD4D500057C36 /* PreferencesManager.swift in Sources */ = {isa = PBXBuildFile; fileRef = 6A10021B2B9CD4D500057C36 /* PreferencesManager.swift */; };
		6A10021E2B9CD4FA00057C36 /* Assets.xcassets in Resources */ = {isa = PBXBuildFile; fileRef = 6A10021D2B9CD4FA00057C36 /* Assets.xcassets */; };
		6A1002202B9CD51F00057C36 /* Info.plist in Resources */ = {isa = PBXBuildFile; fileRef = 6A10021F2B9CD51F00057C36 /* Info.plist */; };
/* End PBXBuildFile section */

/* Begin PBXFileReference section */
		6A1001EE2B9CCE9900057C36 /* AppleAI.app */ = {isa = PBXFileReference; explicitFileType = wrapper.application; includeInIndex = 0; path = AppleAI.app; sourceTree = BUILT_PRODUCTS_DIR; };
		6A1001F12B9CCE9900057C36 /* AIToolsApp.swift */ = {isa = PBXFileReference; lastKnownFileType = sourcecode.swift; path = AIToolsApp.swift; sourceTree = "<group>"; };
		6A1001F82B9CCE9A00057C36 /* Preview Assets.xcassets */ = {isa = PBXFileReference; lastKnownFileType = folder.assetcatalog; path = "Preview Assets.xcassets"; sourceTree = "<group>"; };
		6A1001FA2B9CCE9A00057C36 /* AppleAI.entitlements */ = {isa = PBXFileReference; lastKnownFileType = text.plist.entitlements; path = AppleAI.entitlements; sourceTree = "<group>"; };
		6A1002092B9CD2DE00057C36 /* AIService.swift */ = {isa = PBXFileReference; lastKnownFileType = sourcecode.swift; path = AIService.swift; sourceTree = "<group>"; };
		6A10020B2B9CD3B800057C36 /* AIWebView.swift */ = {isa = PBXFileReference; lastKnownFileType = sourcecode.swift; path = AIWebView.swift; sourceTree = "<group>"; };
		6A10020D2B9CD3EF00057C36 /* MainChatView.swift */ = {isa = PBXFileReference; lastKnownFileType = sourcecode.swift; path = MainChatView.swift; sourceTree = "<group>"; };
		6A10020F2B9CD41E00057C36 /* MenuBarManager.swift */ = {isa = PBXFileReference; lastKnownFileType = sourcecode.swift; path = MenuBarManager.swift; sourceTree = "<group>"; };
		6A1002112B9CD44200057C36 /* KeyboardShortcutManager.swift */ = {isa = PBXFileReference; lastKnownFileType = sourcecode.swift; path = KeyboardShortcutManager.swift; sourceTree = "<group>"; };
		6A1002132B9CD46300057C36 /* CompactChatView.swift */ = {isa = PBXFileReference; lastKnownFileType = sourcecode.swift; path = CompactChatView.swift; sourceTree = "<group>"; };
		6A1002152B9CD48300057C36 /* MultiTabView.swift */ = {isa = PBXFileReference; lastKnownFileType = sourcecode.swift; path = MultiTabView.swift; sourceTree = "<group>"; };
		6A1002172B9CD4A000057C36 /* PreferencesView.swift */ = {isa = PBXFileReference; lastKnownFileType = sourcecode.swift; path = PreferencesView.swift; sourceTree = "<group>"; };
		6A1002192B9CD4BE00057C36 /* ShortcutRecorder.swift */ = {isa = PBXFileReference; lastKnownFileType = sourcecode.swift; path = ShortcutRecorder.swift; sourceTree = "<group>"; };
		6A10021B2B9CD4D500057C36 /* PreferencesManager.swift */ = {isa = PBXFileReference; lastKnownFileType = sourcecode.swift; path = PreferencesManager.swift; sourceTree = "<group>"; };
		6A10021D2B9CD4FA00057C36 /* Assets.xcassets */ = {isa = PBXFileReference; lastKnownFileType = folder.assetcatalog; path = Assets.xcassets; sourceTree = "<group>"; };
		6A10021F2B9CD51F00057C36 /* Info.plist */ = {isa = PBXFileReference; lastKnownFileType = text.plist.xml; path = Info.plist; sourceTree = "<group>"; };
/* End PBXFileReference section */

/* Begin PBXFrameworksBuildPhase section */
		6A1001EB2B9CCE9900057C36 /* Frameworks */ = {
			isa = PBXFrameworksBuildPhase;
			buildActionMask = 2147483647;
			files = (
			);
			runOnlyForDeploymentPostprocessing = 0;
		};
/* End PBXFrameworksBuildPhase section */

/* Begin PBXGroup section */
		6A1001E52B9CCE9900057C36 = {
			isa = PBXGroup;
			children = (
				6A1001F02B9CCE9900057C36 /* AppleAI */,
				6A1001EF2B9CCE9900057C36 /* Products */,
			);
			sourceTree = "<group>";
		};
		6A1001EF2B9CCE9900057C36 /* Products */ = {
			isa = PBXGroup;
			children = (
				6A1001EE2B9CCE9900057C36 /* AppleAI.app */,
			);
			name = Products;
			sourceTree = "<group>";
		};
		6A1001F02B9CCE9900057C36 /* AppleAI */ = {
			isa = PBXGroup;
			children = (
				6A1001F12B9CCE9900057C36 /* AIToolsApp.swift */,
				6A1002082B9CD2C200057C36 /* Models */,
				6A1002072B9CD2B900057C36 /* Views */,
				6A1002062B9CD2B100057C36 /* Managers */,
				6A10021D2B9CD4FA00057C36 /* Assets.xcassets */,
				6A10021F2B9CD51F00057C36 /* Info.plist */,
				6A1001FA2B9CCE9A00057C36 /* AppleAI.entitlements */,
				6A1001F72B9CCE9A00057C36 /* Preview Content */,
			);
			path = AppleAI;
			sourceTree = "<group>";
		};
		6A1001F72B9CCE9A00057C36 /* Preview Content */ = {
			isa = PBXGroup;
			children = (
				6A1001F82B9CCE9A00057C36 /* Preview Assets.xcassets */,
			);
			path = "Preview Content";
			sourceTree = "<group>";
		};
		6A1002062B9CD2B100057C36 /* Managers */ = {
			isa = PBXGroup;
			children = (
				6A10020F2B9CD41E00057C36 /* MenuBarManager.swift */,
				6A1002112B9CD44200057C36 /* KeyboardShortcutManager.swift */,
				6A10021B2B9CD4D500057C36 /* PreferencesManager.swift */,
			);
			path = Managers;
			sourceTree = "<group>";
		};
		6A1002072B9CD2B900057C36 /* Views */ = {
			isa = PBXGroup;
			children = (
				6A10020B2B9CD3B800057C36 /* AIWebView.swift */,
				6A10020D2B9CD3EF00057C36 /* MainChatView.swift */,
				6A1002132B9CD46300057C36 /* CompactChatView.swift */,
				6A1002152B9CD48300057C36 /* MultiTabView.swift */,
				6A1002172B9CD4A000057C36 /* PreferencesView.swift */,
				6A1002192B9CD4BE00057C36 /* ShortcutRecorder.swift */,
			);
			path = Views;
			sourceTree = "<group>";
		};
		6A1002082B9CD2C200057C36 /* Models */ = {
			isa = PBXGroup;
			children = (
				6A1002092B9CD2DE00057C36 /* AIService.swift */,
			);
			path = Models;
			sourceTree = "<group>";
		};
/* End PBXGroup section */

/* Begin PBXNativeTarget section */
		6A1001ED2B9CCE9900057C36 /* AIToolsHub */ = {
			isa = PBXNativeTarget;
			buildConfigurationList = 6A1001FD2B9CCE9A00057C36 /* Build configuration list for PBXNativeTarget "AIToolsHub" */;
			buildPhases = (
				6A1001EA2B9CCE9900057C36 /* Sources */,
				6A1001EB2B9CCE9900057C36 /* Frameworks */,
				6A1001EC2B9CCE9900057C36 /* Resources */,
			);
			buildRules = (
			);
			dependencies = (
			);
			name = AIToolsHub;
			productName = AppleAI;
			productReference = 6A1001EE2B9CCE9900057C36 /* AppleAI.app */;
			productType = "com.apple.product-type.application";
		};
/* End PBXNativeTarget section */

/* Begin PBXProject section */
		6A1001E62B9CCE9900057C36 /* Project object */ = {
			isa = PBXProject;
			attributes = {
				BuildIndependentTargetsInParallel = 1;
				LastSwiftUpdateCheck = 1520;
				LastUpgradeCheck = 1520;
				TargetAttributes = {
					6A1001ED2B9CCE9900057C36 = {
						CreatedOnToolsVersion = 15.2;
					};
				};
			};
			buildConfigurationList = 6A1001E92B9CCE9900057C36 /* Build configuration list for PBXProject "AppleAI" */;
			compatibilityVersion = "Xcode 14.0";
			developmentRegion = en;
			hasScannedForEncodings = 0;
			knownRegions = (
				en,
				Base,
			);
			mainGroup = 6A1001E52B9CCE9900057C36;
			productRefGroup = 6A1001EF2B9CCE9900057C36 /* Products */;
			projectDirPath = "";
			projectRoot = "";
			targets = (
				6A1001ED2B9CCE9900057C36 /* AIToolsHub */,
			);
		};
/* End PBXProject section */

/* Begin PBXResourcesBuildPhase section */
		6A1001EC2B9CCE9900057C36 /* Resources */ = {
			isa = PBXResourcesBuildPhase;
			buildActionMask = 2147483647;
			files = (
				6A1002202B9CD51F00057C36 /* Info.plist in Resources */,
				6A1001F92B9CCE9A00057C36 /* Preview Assets.xcassets in Resources */,
				6A10021E2B9CD4FA00057C36 /* Assets.xcassets in Resources */,
			);
			runOnlyForDeploymentPostprocessing = 0;
		};
/* End PBXResourcesBuildPhase section */

/* Begin PBXSourcesBuildPhase section */
		6A1001EA2B9CCE9900057C36 /* Sources */ = {
			isa = PBXSourcesBuildPhase;
			buildActionMask = 2147483647;
			files = (
				6A10020C2B9CD3B800057C36 /* AIWebView.swift in Sources */,
				6A1002102B9CD41E00057C36 /* MenuBarManager.swift in Sources */,
				6A10020A2B9CD2DE00057C36 /* AIService.swift in Sources */,
				6A1002122B9CD44200057C36 /* KeyboardShortcutManager.swift in Sources */,
				6A1002162B9CD48300057C36 /* MultiTabView.swift in Sources */,
				6A1002142B9CD46300057C36 /* CompactChatView.swift in Sources */,
				6A10020E2B9CD3EF00057C36 /* MainChatView.swift in Sources */,
				6A10021C2B9CD4D500057C36 /* PreferencesManager.swift in Sources */,
				6A1002182B9CD4A000057C36 /* PreferencesView.swift in Sources */,
				6A10021A2B9CD4BE00057C36 /* ShortcutRecorder.swift in Sources */,
				6A1001F22B9CCE9900057C36 /* AIToolsApp.swift in Sources */,
			);
			runOnlyForDeploymentPostprocessing = 0;
		};
/* End PBXSourcesBuildPhase section */

/* Begin XCBuildConfiguration section */
		6A1001FB2B9CCE9A00057C36 /* Debug */ = {
			isa = XCBuildConfiguration;
			buildSettings = {
				ALWAYS_SEARCH_USER_PATHS = NO;
				ASSETCATALOG_COMPILER_GENERATE_SWIFT_ASSET_SYMBOL_EXTENSIONS = YES;
				CLANG_ANALYZER_NONNULL = YES;
				CLANG_ANALYZER_NUMBER_OBJECT_CONVERSION = YES_AGGRESSIVE;
				CLANG_CXX_LANGUAGE_STANDARD = "gnu++20";
				CLANG_ENABLE_MODULES = YES;
				CLANG_ENABLE_OBJC_ARC = YES;
				CLANG_ENABLE_OBJC_WEAK = YES;
				CLANG_WARN_BLOCK_CAPTURE_AUTORELEASING = YES;
				CLANG_WARN_BOOL_CONVERSION = YES;
				CLANG_WARN_COMMA = YES;
				CLANG_WARN_CONSTANT_CONVERSION = YES;
				CLANG_WARN_DEPRECATED_OBJC_IMPLEMENTATIONS = YES;
				CLANG_WARN_DIRECT_OBJC_ISA_USAGE = YES_ERROR;
				CLANG_WARN_DOCUMENTATION_COMMENTS = YES;
				CLANG_WARN_EMPTY_BODY = YES;
				CLANG_WARN_ENUM_CONVERSION = YES;
				CLANG_WARN_INFINITE_RECURSION = YES;
				CLANG_WARN_INT_CONVERSION = YES;
				CLANG_WARN_NON_LITERAL_NULL_CONVERSION = YES;
				CLANG_WARN_OBJC_IMPLICIT_RETAIN_SELF = YES;
				CLANG_WARN_OBJC_LITERAL_CONVERSION = YES;
				CLANG_WARN_OBJC_ROOT_CLASS = YES_ERROR;
				CLANG_WARN_QUOTED_INCLUDE_IN_FRAMEWORK_HEADER = YES;
				CLANG_WARN_RANGE_LOOP_ANALYSIS = YES;
				CLANG_WARN_STRICT_PROTOTYPES = YES;
				CLANG_WARN_SUSPICIOUS_MOVE = YES;
				CLANG_WARN_UNGUARDED_AVAILABILITY = YES_AGGRESSIVE;
				CLANG_WARN_UNREACHABLE_CODE = YES;
				CLANG_WARN__DUPLICATE_METHOD_MATCH = YES;
				COPY_PHASE_STRIP = NO;
				DEBUG_INFORMATION_FORMAT = dwarf;
				ENABLE_STRICT_OBJC_MSGSEND = YES;
				ENABLE_TESTABILITY = YES;
				ENABLE_USER_SCRIPT_SANDBOXING = YES;
				GCC_C_LANGUAGE_STANDARD = gnu17;
				GCC_DYNAMIC_NO_PIC = NO;
				GCC_NO_COMMON_BLOCKS = YES;
				GCC_OPTIMIZATION_LEVEL = 0;
				GCC_PREPROCESSOR_DEFINITIONS = (
					"DEBUG=1",
					"$(inherited)",
				);
				GCC_WARN_64_TO_32_BIT_CONVERSION = YES;
				GCC_WARN_ABOUT_RETURN_TYPE = YES_ERROR;
				GCC_WARN_UNDECLARED_SELECTOR = YES;
				GCC_WARN_UNINITIALIZED_AUTOS = YES_AGGRESSIVE;
				GCC_WARN_UNUSED_FUNCTION = YES;
				GCC_WARN_UNUSED_VARIABLE = YES;
				LOCALIZATION_PREFERS_STRING_CATALOGS = YES;
				MACOSX_DEPLOYMENT_TARGET = 11.0;
				MTL_ENABLE_DEBUG_INFO = INCLUDE_SOURCE;
				MTL_FAST_MATH = YES;
				ONLY_ACTIVE_ARCH = YES;
				SDKROOT = macosx;
				SWIFT_ACTIVE_COMPILATION_CONDITIONS = "DEBUG $(inherited)";
				SWIFT_OPTIMIZATION_LEVEL = "-Onone";
			};
			name = Debug;
		};
		6A1001FC2B9CCE9A00057C36 /* Release */ = {
			isa = XCBuildConfiguration;
			buildSettings = {
				ALWAYS_SEARCH_USER_PATHS = NO;
				ASSETCATALOG_COMPILER_GENERATE_SWIFT_ASSET_SYMBOL_EXTENSIONS = YES;
				CLANG_ANALYZER_NONNULL = YES;
				CLANG_ANALYZER_NUMBER_OBJECT_CONVERSION = YES_AGGRESSIVE;
				CLANG_CXX_LANGUAGE_STANDARD = "gnu++20";
				CLANG_ENABLE_MODULES = YES;
				CLANG_ENABLE_OBJC_ARC = YES;
				CLANG_ENABLE_OBJC_WEAK = YES;
				CLANG_WARN_BLOCK_CAPTURE_AUTORELEASING = YES;
				CLANG_WARN_BOOL_CONVERSION = YES;
				CLANG_WARN_COMMA = YES;
				CLANG_WARN_CONSTANT_CONVERSION = YES;
				CLANG_WARN_DEPRECATED_OBJC_IMPLEMENTATIONS = YES;
				CLANG_WARN_DIRECT_OBJC_ISA_USAGE = YES_ERROR;
				CLANG_WARN_DOCUMENTATION_COMMENTS = YES;
				CLANG_WARN_EMPTY_BODY = YES;
				CLANG_WARN_ENUM_CONVERSION = YES;
				CLANG_WARN_INFINITE_RECURSION = YES;
				CLANG_WARN_INT_CONVERSION = YES;
				CLANG_WARN_NON_LITERAL_NULL_CONVERSION = YES;
				CLANG_WARN_OBJC_IMPLICIT_RETAIN_SELF = YES;
				CLANG_WARN_OBJC_LITERAL_CONVERSION = YES;
				CLANG_WARN_OBJC_ROOT_CLASS = YES_ERROR;
				CLANG_WARN_QUOTED_INCLUDE_IN_FRAMEWORK_HEADER = YES;
				CLANG_WARN_RANGE_LOOP_ANALYSIS = YES;
				CLANG_WARN_STRICT_PROTOTYPES = YES;
				CLANG_WARN_SUSPICIOUS_MOVE = YES;
				CLANG_WARN_UNGUARDED_AVAILABILITY = YES_AGGRESSIVE;
				CLANG_WARN_UNREACHABLE_CODE = YES;
				CLANG_WARN__DUPLICATE_METHOD_MATCH = YES;
				COPY_PHASE_STRIP = NO;
				DEBUG_INFORMATION_FORMAT = "dwarf-with-dsym";
				ENABLE_NS_ASSERTIONS = NO;
				ENABLE_STRICT_OBJC_MSGSEND = YES;
				ENABLE_USER_SCRIPT_SANDBOXING = YES;
				GCC_C_LANGUAGE_STANDARD = gnu17;
				GCC_NO_COMMON_BLOCKS = YES;
				GCC_WARN_64_TO_32_BIT_CONVERSION = YES;
				GCC_WARN_ABOUT_RETURN_TYPE = YES_ERROR;
				GCC_WARN_UNDECLARED_SELECTOR = YES;
				GCC_WARN_UNINITIALIZED_AUTOS = YES_AGGRESSIVE;
				GCC_WARN_UNUSED_FUNCTION = YES;
				GCC_WARN_UNUSED_VARIABLE = YES;
				LOCALIZATION_PREFERS_STRING_CATALOGS = YES;
				MACOSX_DEPLOYMENT_TARGET = 11.0;
				MTL_ENABLE_DEBUG_INFO = NO;
				MTL_FAST_MATH = YES;
				SDKROOT = macosx;
				SWIFT_COMPILATION_MODE = wholemodule;
			};
			name = Release;
		};
		6A1001FE2B9CCE9A00057C36 /* Debug */ = {
			isa = XCBuildConfiguration;
			buildSettings = {
				ASSETCATALOG_COMPILER_APPICON_NAME = AppIcon;
				ASSETCATALOG_COMPILER_GLOBAL_ACCENT_COLOR_NAME = AccentColor;
				CODE_SIGN_ENTITLEMENTS = AppleAI/AppleAI.entitlements;
				CODE_SIGN_STYLE = Automatic;
				COMBINE_HIDPI_IMAGES = YES;
				CURRENT_PROJECT_VERSION = 1;
				DEVELOPMENT_ASSET_PATHS = "\"AppleAI/Preview Content\"";
				DEVELOPMENT_TEAM = "";
				ENABLE_HARDENED_RUNTIME = YES;
				ENABLE_PREVIEWS = YES;
				GENERATE_INFOPLIST_FILE = YES;
				INFOPLIST_FILE = AppleAI/Info.plist;
				INFOPLIST_KEY_NSHumanReadableCopyright = "";
				LD_RUNPATH_SEARCH_PATHS = (
					"$(inherited)",
					"@executable_path/../Frameworks",
				);
				MARKETING_VERSION = 1.0;
				PRODUCT_BUNDLE_IDENTIFIER = com.macxyai.AppleAI;
				PRODUCT_NAME = "$(TARGET_NAME)";
				SWIFT_EMIT_LOC_STRINGS = YES;
				SWIFT_VERSION = 5.0;
			};
			name = Debug;
		};
		6A1001FF2B9CCE9A00057C36 /* Release */ = {
			isa = XCBuildConfiguration;
			buildSettings = {
				ASSETCATALOG_COMPILER_APPICON_NAME = AppIcon;
				ASSETCATALOG_COMPILER_GLOBAL_ACCENT_COLOR_NAME = AccentColor;
				CODE_SIGN_ENTITLEMENTS = AppleAI/AppleAI.entitlements;
				CODE_SIGN_STYLE = Automatic;
				COMBINE_HIDPI_IMAGES = YES;
				CURRENT_PROJECT_VERSION = 1;
				DEVELOPMENT_ASSET_PATHS = "\"AppleAI/Preview Content\"";
				DEVELOPMENT_TEAM = "";
				ENABLE_HARDENED_RUNTIME = YES;
				ENABLE_PREVIEWS = YES;
				GENERATE_INFOPLIST_FILE = YES;
				INFOPLIST_FILE = AppleAI/Info.plist;
				INFOPLIST_KEY_NSHumanReadableCopyright = "";
				LD_RUNPATH_SEARCH_PATHS = (
					"$(inherited)",
					"@executable_path/../Frameworks",
				);
				MARKETING_VERSION = 1.0;
				PRODUCT_BUNDLE_IDENTIFIER = com.macxyai.AppleAI;
				PRODUCT_NAME = "$(TARGET_NAME)";
				SWIFT_EMIT_LOC_STRINGS = YES;
				SWIFT_VERSION = 5.0;
			};
			name = Release;
		};
/* End XCBuildConfiguration section */

/* Begin XCConfigurationList section */
		6A1001E92B9CCE9900057C36 /* Build configuration list for PBXProject "AppleAI" */ = {
			isa = XCConfigurationList;
			buildConfigurations = (
				6A1001FB2B9CCE9A00057C36 /* Debug */,
				6A1001FC2B9CCE9A00057C36 /* Release */,
			);
			defaultConfigurationIsVisible = 0;
			defaultConfigurationName = Release;
		};
		6A1001FD2B9CCE9A00057C36 /* Build configuration list for PBXNativeTarget "AIToolsHub" */ = {
			isa = XCConfigurationList;
			buildConfigurations = (
				6A1001FE2B9CCE9A00057C36 /* Debug */,
				6A1001FF2B9CCE9A00057C36 /* Release */,
			);
			defaultConfigurationIsVisible = 0;
			defaultConfigurationName = Release;
		};
/* End XCConfigurationList section */
	};
	rootObject = 6A1001E62B9CCE9900057C36 /* Project object */;
}
